
Microsoft Visual Studio Solution File, Format Version 12.00
# Visual Studio Version 17
VisualStudioVersion = 17.7.34221.43
MinimumVisualStudioVersion = 10.0.40219.1
Project("{FAE04EC0-301F-11D3-BF4B-00C04F79EFBC}") = "01.ReverseStrings", "01.ReverseStrings\01.ReverseStrings.csproj", "{72769782-2C62-4D9D-B7A3-5736BCE108A9}"
EndProject
Project("{FAE04EC0-301F-11D3-BF4B-00C04F79EFBC}") = "02.RepeatStrings", "02.RepeatStrings\02.RepeatStrings.csproj", "{BCBFFEBA-CF6F-418A-9D14-1032AD51B6EF}"
EndProject
Project("{FAE04EC0-301F-11D3-BF4B-00C04F79EFBC}") = "03.Substring", "03.Substring\03.Substring.csproj", "{66D5B5E5-8605-4339-B895-1425633DFF1E}"
EndProject
Project("{FAE04EC0-301F-11D3-BF4B-00C04F79EFBC}") = "04.TextFilter", "04.TextFilter\04.TextFilter.csproj", "{BDD139C0-6ACD-42DA-BA59-E60CC36CBE52}"
EndProject
Project("{FAE04EC0-301F-11D3-BF4B-00C04F79EFBC}") = "05.Digits,LettersAndOther", "05.Digits,LettersAndOther\05.Digits,LettersAndOther.csproj", "{B380A91F-26B1-4161-A006-868864CD85C0}"
EndProject
Global
	GlobalSection(SolutionConfigurationPlatforms) = preSolution
		Debug|Any CPU = Debug|Any CPU
		Release|Any CPU = Release|Any CPU
	EndGlobalSection
	GlobalSection(ProjectConfigurationPlatforms) = postSolution
		{72769782-2C62-4D9D-B7A3-5736BCE108A9}.Debug|Any CPU.ActiveCfg = Debug|Any CPU
		{72769782-2C62-4D9D-B7A3-5736BCE108A9}.Debug|Any CPU.Build.0 = Debug|Any CPU
		{72769782-2C62-4D9D-B7A3-5736BCE108A9}.Release|Any CPU.ActiveCfg = Release|Any CPU
		{72769782-2C62-4D9D-B7A3-5736BCE108A9}.Release|Any CPU.Build.0 = Release|Any CPU
		{BCBFFEBA-CF6F-418A-9D14-1032AD51B6EF}.Debug|Any CPU.ActiveCfg = Debug|Any CPU
		{BCBFFEBA-CF6F-418A-9D14-1032AD51B6EF}.Debug|Any CPU.Build.0 = Debug|Any CPU
		{BCBFFEBA-CF6F-418A-9D14-1032AD51B6EF}.Release|Any CPU.ActiveCfg = Release|Any CPU
		{BCBFFEBA-CF6F-418A-9D14-1032AD51B6EF}.Release|Any CPU.Build.0 = Release|Any CPU
		{66D5B5E5-8605-4339-B895-1425633DFF1E}.Debug|Any CPU.ActiveCfg = Debug|Any CPU
		{66D5B5E5-8605-4339-B895-1425633DFF1E}.Debug|Any CPU.Build.0 = Debug|Any CPU
		{66D5B5E5-8605-4339-B895-1425633DFF1E}.Release|Any CPU.ActiveCfg = Release|Any CPU
		{66D5B5E5-8605-4339-B895-1425633DFF1E}.Release|Any CPU.Build.0 = Release|Any CPU
		{BDD139C0-6ACD-42DA-BA59-E60CC36CBE52}.Debug|Any CPU.ActiveCfg = Debug|Any CPU
		{BDD139C0-6ACD-42DA-BA59-E60CC36CBE52}.Debug|Any CPU.Build.0 = Debug|Any CPU
		{BDD139C0-6ACD-42DA-BA59-E60CC36CBE52}.Release|Any CPU.ActiveCfg = Release|Any CPU
		{BDD139C0-6ACD-42DA-BA59-E60CC36CBE52}.Release|Any CPU.Build.0 = Release|Any CPU
		{B380A91F-26B1-4161-A006-868864CD85C0}.Debug|Any CPU.ActiveCfg = Debug|Any CPU
		{B380A91F-26B1-4161-A006-868864CD85C0}.Debug|Any CPU.Build.0 = Debug|Any CPU
		{B380A91F-26B1-4161-A006-868864CD85C0}.Release|Any CPU.ActiveCfg = Release|Any CPU
		{B380A91F-26B1-4161-A006-868864CD85C0}.Release|Any CPU.Build.0 = Release|Any CPU
	EndGlobalSection
	GlobalSection(SolutionProperties) = preSolution
		HideSolutionNode = FALSE
	EndGlobalSection
	GlobalSection(ExtensibilityGlobals) = postSolution
		SolutionGuid = {C5D4DC7C-6314-489C-B012-F82104236132}
	EndGlobalSection
EndGlobal
