
Microsoft Visual Studio Solution File, Format Version 12.00
# Visual Studio Version 17
VisualStudioVersion = 17.8.34309.116
MinimumVisualStudioVersion = 10.0.40219.1
Project("{FAE04EC0-301F-11D3-BF4B-00C04F79EFBC}") = "01.SquareRoot", "01.SquareRoot\01.SquareRoot.csproj", "{50C0D108-3028-4A8E-9B2B-8C7DAEBA0E82}"
EndProject
Project("{FAE04EC0-301F-11D3-BF4B-00C04F79EFBC}") = "02.EnterNumbers", "02.EnterNumbers\02.EnterNumbers.csproj", "{093E6947-EC47-4956-9380-F311E16D3AEC}"
EndProject
Project("{FAE04EC0-301F-11D3-BF4B-00C04F79EFBC}") = "03.SumOfIntegers", "03.SumOfIntegers\03.SumOfIntegers.csproj", "{B7656942-BCDA-4489-B478-E023CE1CEE65}"
EndProject
Global
	GlobalSection(SolutionConfigurationPlatforms) = preSolution
		Debug|Any CPU = Debug|Any CPU
		Release|Any CPU = Release|Any CPU
	EndGlobalSection
	GlobalSection(ProjectConfigurationPlatforms) = postSolution
		{50C0D108-3028-4A8E-9B2B-8C7DAEBA0E82}.Debug|Any CPU.ActiveCfg = Debug|Any CPU
		{50C0D108-3028-4A8E-9B2B-8C7DAEBA0E82}.Debug|Any CPU.Build.0 = Debug|Any CPU
		{50C0D108-3028-4A8E-9B2B-8C7DAEBA0E82}.Release|Any CPU.ActiveCfg = Release|Any CPU
		{50C0D108-3028-4A8E-9B2B-8C7DAEBA0E82}.Release|Any CPU.Build.0 = Release|Any CPU
		{093E6947-EC47-4956-9380-F311E16D3AEC}.Debug|Any CPU.ActiveCfg = Debug|Any CPU
		{093E6947-EC47-4956-9380-F311E16D3AEC}.Debug|Any CPU.Build.0 = Debug|Any CPU
		{093E6947-EC47-4956-9380-F311E16D3AEC}.Release|Any CPU.ActiveCfg = Release|Any CPU
		{093E6947-EC47-4956-9380-F311E16D3AEC}.Release|Any CPU.Build.0 = Release|Any CPU
		{B7656942-BCDA-4489-B478-E023CE1CEE65}.Debug|Any CPU.ActiveCfg = Debug|Any CPU
		{B7656942-BCDA-4489-B478-E023CE1CEE65}.Debug|Any CPU.Build.0 = Debug|Any CPU
		{B7656942-BCDA-4489-B478-E023CE1CEE65}.Release|Any CPU.ActiveCfg = Release|Any CPU
		{B7656942-BCDA-4489-B478-E023CE1CEE65}.Release|Any CPU.Build.0 = Release|Any CPU
	EndGlobalSection
	GlobalSection(SolutionProperties) = preSolution
		HideSolutionNode = FALSE
	EndGlobalSection
	GlobalSection(ExtensibilityGlobals) = postSolution
		SolutionGuid = {4B11C386-4684-4B60-BDC2-54B30541E351}
	EndGlobalSection
EndGlobal
