
Microsoft Visual Studio Solution File, Format Version 12.00
# Visual Studio Version 17
VisualStudioVersion = 17.8.34309.116
MinimumVisualStudioVersion = 10.0.40219.1
Project("{FAE04EC0-301F-11D3-BF4B-00C04F79EFBC}") = "01.Students", "01.Students\01.Students.csproj", "{E811EB1B-10B3-483C-9224-2B6F83950D03}"
EndProject
Project("{FAE04EC0-301F-11D3-BF4B-00C04F79EFBC}") = "02.Articles", "02.Articles\02.Articles.csproj", "{47AF8448-316B-4D30-B47C-B4EE25041637}"
EndProject
Project("{FAE04EC0-301F-11D3-BF4B-00C04F79EFBC}") = "03.TeamworkProjects", "03.TeamworkProjects\03.TeamworkProjects.csproj", "{01DEE8E9-9F51-45AC-A044-0C6B75B4AEDE}"
EndProject
Project("{FAE04EC0-301F-11D3-BF4B-00C04F79EFBC}") = "04.PokemonTrainer", "04.PokemonTrainer\04.PokemonTrainer.csproj", "{786609BA-4C1E-4228-B43E-FDFFC83F760C}"
EndProject
Global
	GlobalSection(SolutionConfigurationPlatforms) = preSolution
		Debug|Any CPU = Debug|Any CPU
		Release|Any CPU = Release|Any CPU
	EndGlobalSection
	GlobalSection(ProjectConfigurationPlatforms) = postSolution
		{E811EB1B-10B3-483C-9224-2B6F83950D03}.Debug|Any CPU.ActiveCfg = Debug|Any CPU
		{E811EB1B-10B3-483C-9224-2B6F83950D03}.Debug|Any CPU.Build.0 = Debug|Any CPU
		{E811EB1B-10B3-483C-9224-2B6F83950D03}.Release|Any CPU.ActiveCfg = Release|Any CPU
		{E811EB1B-10B3-483C-9224-2B6F83950D03}.Release|Any CPU.Build.0 = Release|Any CPU
		{47AF8448-316B-4D30-B47C-B4EE25041637}.Debug|Any CPU.ActiveCfg = Debug|Any CPU
		{47AF8448-316B-4D30-B47C-B4EE25041637}.Debug|Any CPU.Build.0 = Debug|Any CPU
		{47AF8448-316B-4D30-B47C-B4EE25041637}.Release|Any CPU.ActiveCfg = Release|Any CPU
		{47AF8448-316B-4D30-B47C-B4EE25041637}.Release|Any CPU.Build.0 = Release|Any CPU
		{01DEE8E9-9F51-45AC-A044-0C6B75B4AEDE}.Debug|Any CPU.ActiveCfg = Debug|Any CPU
		{01DEE8E9-9F51-45AC-A044-0C6B75B4AEDE}.Debug|Any CPU.Build.0 = Debug|Any CPU
		{01DEE8E9-9F51-45AC-A044-0C6B75B4AEDE}.Release|Any CPU.ActiveCfg = Release|Any CPU
		{01DEE8E9-9F51-45AC-A044-0C6B75B4AEDE}.Release|Any CPU.Build.0 = Release|Any CPU
		{786609BA-4C1E-4228-B43E-FDFFC83F760C}.Debug|Any CPU.ActiveCfg = Debug|Any CPU
		{786609BA-4C1E-4228-B43E-FDFFC83F760C}.Debug|Any CPU.Build.0 = Debug|Any CPU
		{786609BA-4C1E-4228-B43E-FDFFC83F760C}.Release|Any CPU.ActiveCfg = Release|Any CPU
		{786609BA-4C1E-4228-B43E-FDFFC83F760C}.Release|Any CPU.Build.0 = Release|Any CPU
	EndGlobalSection
	GlobalSection(SolutionProperties) = preSolution
		HideSolutionNode = FALSE
	EndGlobalSection
	GlobalSection(ExtensibilityGlobals) = postSolution
		SolutionGuid = {34B94B00-671A-4BF1-95D7-2DF84260917E}
	EndGlobalSection
EndGlobal
